
Microsoft Visual Studio Solution File, Format Version 12.00
# Visual Studio Express 2013 for Windows Desktop
VisualStudioVersion = 12.0.31101.0
MinimumVisualStudioVersion = 10.0.40219.1
Project("{FAE04EC0-301F-11D3-BF4B-00C04F79EFBC}") = "Screensaver_Moving_Clocks", "Screensaver_Moving_Clocks\Screensaver_Moving_Clocks.csproj", "{AFB6149B-5F6E-46F6-829C-2C16067F056B}"
EndProject
Global
	GlobalSection(SolutionConfigurationPlatforms) = preSolution
		Debug|Any CPU = Debug|Any CPU
		Release|Any CPU = Release|Any CPU
	EndGlobalSection
	GlobalSection(ProjectConfigurationPlatforms) = postSolution
		{AFB6149B-5F6E-46F6-829C-2C16067F056B}.Debug|Any CPU.ActiveCfg = Debug|Any CPU
		{AFB6149B-5F6E-46F6-829C-2C16067F056B}.Debug|Any CPU.Build.0 = Debug|Any CPU
		{AFB6149B-5F6E-46F6-829C-2C16067F056B}.Release|Any CPU.ActiveCfg = Release|Any CPU
		{AFB6149B-5F6E-46F6-829C-2C16067F056B}.Release|Any CPU.Build.0 = Release|Any CPU
	EndGlobalSection
	GlobalSection(SolutionProperties) = preSolution
		HideSolutionNode = FALSE
	EndGlobalSection
EndGlobal
